
Microsoft Visual Studio Solution File, Format Version 12.00
Project("{FAE04EC0-301F-11D3-BF4B-00C04F79EFBC}") = "PlatformGameLevelGeneratorCore", "PlatformGameLevelGeneratorCore\PlatformGameLevelGeneratorCore.csproj", "{50808A22-3EF6-4CC6-820E-BE3C649DF0AF}"
EndProject
Global
	GlobalSection(SolutionConfigurationPlatforms) = preSolution
		Debug|Any CPU = Debug|Any CPU
		Release|Any CPU = Release|Any CPU
	EndGlobalSection
	GlobalSection(ProjectConfigurationPlatforms) = postSolution
		{50808A22-3EF6-4CC6-820E-BE3C649DF0AF}.Debug|Any CPU.ActiveCfg = Debug|Any CPU
		{50808A22-3EF6-4CC6-820E-BE3C649DF0AF}.Debug|Any CPU.Build.0 = Debug|Any CPU
		{50808A22-3EF6-4CC6-820E-BE3C649DF0AF}.Release|Any CPU.ActiveCfg = Release|Any CPU
		{50808A22-3EF6-4CC6-820E-BE3C649DF0AF}.Release|Any CPU.Build.0 = Release|Any CPU
	EndGlobalSection
EndGlobal
